{
  "version": 4,
  "terraform_version": "0.12.3",
  "serial": 64,
  "lineage": "d7c9cb9c-c927-b3ff-fa65-0304fbe520a9",
  "outputs": {},
  "resources": [
    {
      "module": "module.master",
      "mode": "data",
      "type": "aws_iam_policy_document",
      "name": "eks_cluster_rule",
      "provider": "provider.aws",
      "instances": [
        {
          "schema_version": 0,
          "attributes": {
            "id": "189502314",
            "json": "{\n  \"Version\": \"2012-10-17\",\n  \"Statement\": [\n    {\n      \"Sid\": \"\",\n      \"Effect\": \"Allow\",\n      \"Action\": \"sts:AssumeRole\",\n      \"Principal\": {\n        \"Service\": \"eks.amazonaws.com\"\n      }\n    }\n  ]\n}",
            "override_json": null,
            "policy_id": null,
            "source_json": null,
            "statement": [
              {
                "actions": [
                  "sts:AssumeRole"
                ],
                "condition": [],
                "effect": "Allow",
                "not_actions": [],
                "not_principals": [],
                "not_resources": [],
                "principals": [
                  {
                    "identifiers": [
                      "eks.amazonaws.com"
                    ],
                    "type": "Service"
                  }
                ],
                "resources": [],
                "sid": ""
              }
            ],
            "version": "2012-10-17"
          }
        }
      ]
    },
    {
      "module": "module.network",
      "mode": "managed",
      "type": "aws_eip",
      "name": "vpc_eip",
      "provider": "provider.aws",
      "instances": [
        {
          "schema_version": 0,
          "attributes": {
            "allocation_id": null,
            "associate_with_private_ip": null,
            "association_id": "",
            "customer_owned_ip": "",
            "customer_owned_ipv4_pool": "",
            "domain": "vpc",
            "id": "eipalloc-0e40d4b0c0f533581",
            "instance": "",
            "network_interface": "",
            "private_dns": null,
            "private_ip": "",
            "public_dns": "ec2-54-235-177-73.compute-1.amazonaws.com",
            "public_ip": "54.235.177.73",
            "public_ipv4_pool": "amazon",
            "tags": {
              "Name": "klab-eip"
            },
            "timeouts": null,
            "vpc": true
          },
          "private": "eyJlMmJmYjczMC1lY2FhLTExZTYtOGY4OC0zNDM2M2JjN2M0YzAiOnsiZGVsZXRlIjoxODAwMDAwMDAwMDAsInJlYWQiOjkwMDAwMDAwMDAwMCwidXBkYXRlIjozMDAwMDAwMDAwMDB9fQ=="
        }
      ]
    },
    {
      "module": "module.master",
      "mode": "managed",
      "type": "aws_eks_cluster",
      "name": "eks_cluster",
      "provider": "provider.aws",
      "instances": [
        {
          "schema_version": 0,
          "attributes": {
            "arn": "arn:aws:eks:us-east-1:112542087706:cluster/klab",
            "certificate_authority": [
              {
                "data": "LS0tLS1CRUdJTiBDRVJUSUZJQ0FURS0tLS0tCk1JSUN5RENDQWJDZ0F3SUJBZ0lCQURBTkJna3Foa2lHOXcwQkFRc0ZBREFWTVJNd0VRWURWUVFERXdwcmRXSmwKY201bGRHVnpNQjRYRFRJd01EVXlOekV5TWpneU9Gb1hEVE13TURVeU5URXlNamd5T0Zvd0ZURVRNQkVHQTFVRQpBeE1LYTNWaVpYSnVaWFJsY3pDQ0FTSXdEUVlKS29aSWh2Y05BUUVCQlFBRGdnRVBBRENDQVFvQ2dnRUJBTXBSCmU1bXNra2hTb3k4Qm9FUkFVQzJLcUdlTWk5ZExRejhZdldCK2hsUzhEQUZtN3Y1K0l1enh5WVd3VzlzSjVLaS8KVGRtRWltMEhkdTgydnpKaTY1QXhrdUNGVUVCNUIxRjlHeGphZExRdXFFK3BjM01pbEk0cW1XaWNrUTFmVGR3YwpCZ01HUVJwNktWaU4yRTFMNXhRaUZOVDZ1U0VZZHFNWEZyMUQzUFRKSWdSWWtsUit3a1Q5cDE1bFhuSExPTzRyClpYL0xHa0VCZGtPOWt6VUZrM0VJN2VrKzBqMmxnNGVlOXg0dnQ2YkpPd2pwK0xVNkxKQ1Q3VWNteXpoWWV5Z3oKdjhlVGU2RVF3SlRUY1lTTHdlaVRocS84ZjVBT2t1c21oWWdqbDYyc1VOY3dHbjFIRG04VWhzUnRLWUZ5VEwzdAprRlFWTU5UcUlnb3dnWENBMjYwQ0F3RUFBYU1qTUNFd0RnWURWUjBQQVFIL0JBUURBZ0trTUE4R0ExVWRFd0VCCi93UUZNQU1CQWY4d0RRWUpLb1pJaHZjTkFRRUxCUUFEZ2dFQkFJUE1GSDZIY0FrTmtsTkRRWWg0OVBxbUhVdFkKMjlBbFZpMkxMQmdmT0thdDR3NDJ0eVNaa0t0UGtRNEplWm56dWJtdVBaRHlZZW0yaElMbHZ5dkowakpYTGhRVApFU1RBdHFFNXArcy9JbHNjNzEwVHRFTEdHeXp5RmFaUUVhanFMUi8vL3M3ZVlUYmh3UkJKVk42TGxtYWFQeSs3ClBwWDZWUXUvbTNzQXVkeTFwa0NjUmphM3RUR1pPc2J1bWY0cytmbFBQWEdScXFlUHZDM3RWL2p4NjVpaDhvam4KMXZ4d1ZFVUlRMHhQSkZ5QnJIV2tINC84SmRvM0N6b2tUTUJVd2VsKzdkMEhlVUovdDI0WEVzdVpjRTZCOTJ3ZApQdm9aVWlsOXA0S2JTMHpYbmpPaFFtRmpYbWdZdGl3VVpML2d1WFhtVDZZUC8xUnVpZ2tVZUMxcnZtcz0KLS0tLS1FTkQgQ0VSVElGSUNBVEUtLS0tLQo="
              }
            ],
            "created_at": "2020-05-27 12:20:48 +0000 UTC",
            "enabled_cluster_log_types": null,
            "encryption_config": [],
            "endpoint": "https://E34AD5C5C1F4D2FB08BD18482737DC55.gr7.us-east-1.eks.amazonaws.com",
            "id": "klab",
            "identity": [
              {
                "oidc": [
                  {
                    "issuer": "https://oidc.eks.us-east-1.amazonaws.com/id/E34AD5C5C1F4D2FB08BD18482737DC55"
                  }
                ]
              }
            ],
            "name": "klab",
            "platform_version": "eks.2",
            "role_arn": "arn:aws:iam::112542087706:role/klab-eks-cluster-role",
            "status": "ACTIVE",
            "tags": {
              "kubernets.io/cluster/klab": "shared"
            },
            "timeouts": null,
            "version": "1.15",
            "vpc_config": [
              {
                "cluster_security_group_id": "sg-044bb5175584fabc3",
                "endpoint_private_access": false,
                "endpoint_public_access": true,
                "public_access_cidrs": [
                  "0.0.0.0/0"
                ],
                "security_group_ids": [
                  "sg-03164e74cde180194"
                ],
                "subnet_ids": [
                  "subnet-02d16ea36cfd89afe",
                  "subnet-0d7e805fbe4e71860"
                ],
                "vpc_id": "vpc-0aeedd3a9ef98b6f0"
              }
            ]
          },
          "private": "eyJlMmJmYjczMC1lY2FhLTExZTYtOGY4OC0zNDM2M2JjN2M0YzAiOnsiY3JlYXRlIjoxODAwMDAwMDAwMDAwLCJkZWxldGUiOjkwMDAwMDAwMDAwMCwidXBkYXRlIjozNjAwMDAwMDAwMDAwfX0=",
          "depends_on": [
            "aws_iam_role.eks_cluster_role",
            "aws_security_group.cluster_master_sg"
          ]
        }
      ]
    },
    {
      "module": "module.master",
      "mode": "managed",
      "type": "aws_iam_role",
      "name": "eks_cluster_role",
      "provider": "provider.aws",
      "instances": [
        {
          "schema_version": 0,
          "attributes": {
            "arn": "arn:aws:iam::112542087706:role/klab-eks-cluster-role",
            "assume_role_policy": "{\"Version\":\"2012-10-17\",\"Statement\":[{\"Sid\":\"\",\"Effect\":\"Allow\",\"Principal\":{\"Service\":\"eks.amazonaws.com\"},\"Action\":\"sts:AssumeRole\"}]}",
            "create_date": "2020-05-27T12:20:32Z",
            "description": "",
            "force_detach_policies": false,
            "id": "klab-eks-cluster-role",
            "max_session_duration": 3600,
            "name": "klab-eks-cluster-role",
            "name_prefix": null,
            "path": "/",
            "permissions_boundary": null,
            "tags": null,
            "unique_id": "AROARUNAH7INH3XUZOLU2"
          },
          "private": "bnVsbA==",
          "depends_on": [
            "data.aws_iam_policy_document.eks_cluster_rule"
          ]
        }
      ]
    },
    {
      "module": "module.master",
      "mode": "managed",
      "type": "aws_iam_role_policy_attachment",
      "name": "eks-cluster-cluster",
      "provider": "provider.aws",
      "instances": [
        {
          "schema_version": 0,
          "attributes": {
            "id": "klab-eks-cluster-role-20200527122034586600000002",
            "policy_arn": "arn:aws:iam::aws:policy/AmazonEKSClusterPolicy",
            "role": "klab-eks-cluster-role"
          },
          "private": "bnVsbA==",
          "depends_on": [
            "aws_iam_role.eks_cluster_role"
          ]
        }
      ]
    },
    {
      "module": "module.master",
      "mode": "managed",
      "type": "aws_iam_role_policy_attachment",
      "name": "eks-service-cluster",
      "provider": "provider.aws",
      "instances": [
        {
          "schema_version": 0,
          "attributes": {
            "id": "klab-eks-cluster-role-20200527122034586600000001",
            "policy_arn": "arn:aws:iam::aws:policy/AmazonEKSServicePolicy",
            "role": "klab-eks-cluster-role"
          },
          "private": "bnVsbA==",
          "depends_on": [
            "aws_iam_role.eks_cluster_role"
          ]
        }
      ]
    },
    {
      "module": "module.network",
      "mode": "managed",
      "type": "aws_internet_gateway",
      "name": "gw",
      "provider": "provider.aws",
      "instances": [
        {
          "schema_version": 0,
          "attributes": {
            "id": "igw-0106a51e3dcc7896d",
            "owner_id": "112542087706",
            "tags": {
              "Name": "klab-internet-gateway"
            },
            "vpc_id": "vpc-0aeedd3a9ef98b6f0"
          },
          "private": "bnVsbA==",
          "depends_on": [
            "aws_vpc.cluster_vpc"
          ]
        }
      ]
    },
    {
      "module": "module.network",
      "mode": "managed",
      "type": "aws_nat_gateway",
      "name": "nat",
      "provider": "provider.aws",
      "instances": [
        {
          "schema_version": 0,
          "attributes": {
            "allocation_id": "eipalloc-0e40d4b0c0f533581",
            "id": "nat-0e27757d2eb46b54c",
            "network_interface_id": "eni-0f24273ac161f2cc6",
            "private_ip": "10.0.0.123",
            "public_ip": "54.235.177.73",
            "subnet_id": "subnet-085b01c812d3ce281",
            "tags": {
              "Name": "klab-eip"
            }
          },
          "private": "bnVsbA==",
          "depends_on": [
            "aws_eip.vpc_eip",
            "aws_subnet.public_subnet_1a"
          ]
        }
      ]
    },
    {
      "module": "module.network",
      "mode": "managed",
      "type": "aws_route",
      "name": "nat_access",
      "provider": "provider.aws",
      "instances": [
        {
          "schema_version": 0,
          "attributes": {
            "destination_cidr_block": "0.0.0.0/0",
            "destination_ipv6_cidr_block": null,
            "destination_prefix_list_id": "",
            "egress_only_gateway_id": "",
            "gateway_id": "",
            "id": "r-rtb-07dfef8d6a53297e01080289494",
            "instance_id": "",
            "instance_owner_id": "",
            "nat_gateway_id": "nat-0e27757d2eb46b54c",
            "network_interface_id": "",
            "origin": "CreateRoute",
            "route_table_id": "rtb-07dfef8d6a53297e0",
            "state": "active",
            "timeouts": null,
            "transit_gateway_id": "",
            "vpc_peering_connection_id": ""
          },
          "private": "eyJlMmJmYjczMC1lY2FhLTExZTYtOGY4OC0zNDM2M2JjN2M0YzAiOnsiY3JlYXRlIjoxMjAwMDAwMDAwMDAsImRlbGV0ZSI6MzAwMDAwMDAwMDAwfX0=",
          "depends_on": [
            "aws_nat_gateway.nat",
            "aws_route_table.nat"
          ]
        }
      ]
    },
    {
      "module": "module.network",
      "mode": "managed",
      "type": "aws_route",
      "name": "public_internet_access",
      "provider": "provider.aws",
      "instances": [
        {
          "schema_version": 0,
          "attributes": {
            "destination_cidr_block": "0.0.0.0/0",
            "destination_ipv6_cidr_block": null,
            "destination_prefix_list_id": "",
            "egress_only_gateway_id": "",
            "gateway_id": "igw-0106a51e3dcc7896d",
            "id": "r-rtb-0ae5220b60e95d4071080289494",
            "instance_id": "",
            "instance_owner_id": "",
            "nat_gateway_id": "",
            "network_interface_id": "",
            "origin": "CreateRoute",
            "route_table_id": "rtb-0ae5220b60e95d407",
            "state": "active",
            "timeouts": null,
            "transit_gateway_id": "",
            "vpc_peering_connection_id": ""
          },
          "private": "eyJlMmJmYjczMC1lY2FhLTExZTYtOGY4OC0zNDM2M2JjN2M0YzAiOnsiY3JlYXRlIjoxMjAwMDAwMDAwMDAsImRlbGV0ZSI6MzAwMDAwMDAwMDAwfX0=",
          "depends_on": [
            "aws_internet_gateway.gw",
            "aws_route_table.igw_route_table"
          ]
        }
      ]
    },
    {
      "module": "module.network",
      "mode": "managed",
      "type": "aws_route_table",
      "name": "igw_route_table",
      "provider": "provider.aws",
      "instances": [
        {
          "schema_version": 0,
          "attributes": {
            "id": "rtb-0ae5220b60e95d407",
            "owner_id": "112542087706",
            "propagating_vgws": [],
            "route": [],
            "tags": {
              "Name": "klab-public-router"
            },
            "vpc_id": "vpc-0aeedd3a9ef98b6f0"
          },
          "private": "bnVsbA==",
          "depends_on": [
            "aws_vpc.cluster_vpc"
          ]
        }
      ]
    },
    {
      "module": "module.network",
      "mode": "managed",
      "type": "aws_route_table",
      "name": "nat",
      "provider": "provider.aws",
      "instances": [
        {
          "schema_version": 0,
          "attributes": {
            "id": "rtb-07dfef8d6a53297e0",
            "owner_id": "112542087706",
            "propagating_vgws": [],
            "route": [],
            "tags": {
              "Name": "klab-private-route"
            },
            "vpc_id": "vpc-0aeedd3a9ef98b6f0"
          },
          "private": "bnVsbA==",
          "depends_on": [
            "aws_vpc.cluster_vpc"
          ]
        }
      ]
    },
    {
      "module": "module.network",
      "mode": "managed",
      "type": "aws_route_table_association",
      "name": "private_1a",
      "provider": "provider.aws",
      "instances": [
        {
          "schema_version": 0,
          "attributes": {
            "gateway_id": null,
            "id": "rtbassoc-0d87001623c57dc0d",
            "route_table_id": "rtb-07dfef8d6a53297e0",
            "subnet_id": "subnet-0d7e805fbe4e71860"
          },
          "private": "bnVsbA==",
          "depends_on": [
            "aws_route_table.nat",
            "aws_subnet.private_subnet_1a"
          ]
        }
      ]
    },
    {
      "module": "module.network",
      "mode": "managed",
      "type": "aws_route_table_association",
      "name": "private_1c",
      "provider": "provider.aws",
      "instances": [
        {
          "schema_version": 0,
          "attributes": {
            "gateway_id": null,
            "id": "rtbassoc-0ce8c7a507619e931",
            "route_table_id": "rtb-07dfef8d6a53297e0",
            "subnet_id": "subnet-02d16ea36cfd89afe"
          },
          "private": "bnVsbA==",
          "depends_on": [
            "aws_route_table.nat",
            "aws_subnet.private_subnet_1c"
          ]
        }
      ]
    },
    {
      "module": "module.network",
      "mode": "managed",
      "type": "aws_route_table_association",
      "name": "public_1a",
      "provider": "provider.aws",
      "instances": [
        {
          "schema_version": 0,
          "attributes": {
            "gateway_id": null,
            "id": "rtbassoc-0fcfe350553b53e60",
            "route_table_id": "rtb-0ae5220b60e95d407",
            "subnet_id": "subnet-085b01c812d3ce281"
          },
          "private": "bnVsbA==",
          "depends_on": [
            "aws_route_table.igw_route_table",
            "aws_subnet.public_subnet_1a"
          ]
        }
      ]
    },
    {
      "module": "module.network",
      "mode": "managed",
      "type": "aws_route_table_association",
      "name": "public_1c",
      "provider": "provider.aws",
      "instances": [
        {
          "schema_version": 0,
          "attributes": {
            "gateway_id": null,
            "id": "rtbassoc-0820a55ee75c178d4",
            "route_table_id": "rtb-0ae5220b60e95d407",
            "subnet_id": "subnet-0b916e11be608cda3"
          },
          "private": "bnVsbA==",
          "depends_on": [
            "aws_route_table.igw_route_table",
            "aws_subnet.public_subnet_1c"
          ]
        }
      ]
    },
    {
      "module": "module.master",
      "mode": "managed",
      "type": "aws_security_group",
      "name": "cluster_master_sg",
      "provider": "provider.aws",
      "instances": [
        {
          "schema_version": 1,
          "attributes": {
            "arn": "arn:aws:ec2:us-east-1:112542087706:security-group/sg-03164e74cde180194",
            "description": "Managed by Terraform",
            "egress": [
              {
                "cidr_blocks": [
                  "0.0.0.0/0"
                ],
                "description": "",
                "from_port": 0,
                "ipv6_cidr_blocks": [],
                "prefix_list_ids": [],
                "protocol": "-1",
                "security_groups": [],
                "self": false,
                "to_port": 0
              }
            ],
            "id": "sg-03164e74cde180194",
            "ingress": [],
            "name": "klab-master-sg",
            "name_prefix": null,
            "owner_id": "112542087706",
            "revoke_rules_on_delete": false,
            "tags": {
              "Name": "klab-master-sg"
            },
            "timeouts": null,
            "vpc_id": "vpc-0aeedd3a9ef98b6f0"
          },
          "private": "eyJlMmJmYjczMC1lY2FhLTExZTYtOGY4OC0zNDM2M2JjN2M0YzAiOnsiY3JlYXRlIjo2MDAwMDAwMDAwMDAsImRlbGV0ZSI6NjAwMDAwMDAwMDAwfSwic2NoZW1hX3ZlcnNpb24iOiIxIn0="
        }
      ]
    },
    {
      "module": "module.master",
      "mode": "managed",
      "type": "aws_security_group_rule",
      "name": "cluster_ingress_https",
      "provider": "provider.aws",
      "instances": [
        {
          "schema_version": 2,
          "attributes": {
            "cidr_blocks": [
              "0.0.0.0/0"
            ],
            "description": null,
            "from_port": 443,
            "id": "sgrule-1520951074",
            "ipv6_cidr_blocks": null,
            "prefix_list_ids": null,
            "protocol": "tcp",
            "security_group_id": "sg-03164e74cde180194",
            "self": false,
            "source_security_group_id": null,
            "to_port": 443,
            "type": "ingress"
          },
          "private": "eyJzY2hlbWFfdmVyc2lvbiI6IjIifQ==",
          "depends_on": [
            "aws_security_group.cluster_master_sg"
          ]
        }
      ]
    },
    {
      "module": "module.network",
      "mode": "managed",
      "type": "aws_subnet",
      "name": "private_subnet_1a",
      "provider": "provider.aws",
      "instances": [
        {
          "schema_version": 1,
          "attributes": {
            "arn": "arn:aws:ec2:us-east-1:112542087706:subnet/subnet-0d7e805fbe4e71860",
            "assign_ipv6_address_on_creation": false,
            "availability_zone": "us-east-1a",
            "availability_zone_id": "use1-az6",
            "cidr_block": "10.0.32.0/20",
            "id": "subnet-0d7e805fbe4e71860",
            "ipv6_cidr_block": "",
            "ipv6_cidr_block_association_id": "",
            "map_public_ip_on_launch": false,
            "outpost_arn": "",
            "owner_id": "112542087706",
            "tags": {
              "Deploy": "Terraform",
              "Name": "klab-private-1a"
            },
            "timeouts": null,
            "vpc_id": "vpc-0aeedd3a9ef98b6f0"
          },
          "private": "eyJlMmJmYjczMC1lY2FhLTExZTYtOGY4OC0zNDM2M2JjN2M0YzAiOnsiY3JlYXRlIjo2MDAwMDAwMDAwMDAsImRlbGV0ZSI6MTIwMDAwMDAwMDAwMH0sInNjaGVtYV92ZXJzaW9uIjoiMSJ9",
          "depends_on": [
            "aws_vpc.cluster_vpc"
          ]
        }
      ]
    },
    {
      "module": "module.network",
      "mode": "managed",
      "type": "aws_subnet",
      "name": "private_subnet_1c",
      "provider": "provider.aws",
      "instances": [
        {
          "schema_version": 1,
          "attributes": {
            "arn": "arn:aws:ec2:us-east-1:112542087706:subnet/subnet-02d16ea36cfd89afe",
            "assign_ipv6_address_on_creation": false,
            "availability_zone": "us-east-1c",
            "availability_zone_id": "use1-az2",
            "cidr_block": "10.0.48.0/20",
            "id": "subnet-02d16ea36cfd89afe",
            "ipv6_cidr_block": "",
            "ipv6_cidr_block_association_id": "",
            "map_public_ip_on_launch": false,
            "outpost_arn": "",
            "owner_id": "112542087706",
            "tags": {
              "Deploy": "Terraform",
              "Name": "klab-private-1c"
            },
            "timeouts": null,
            "vpc_id": "vpc-0aeedd3a9ef98b6f0"
          },
          "private": "eyJlMmJmYjczMC1lY2FhLTExZTYtOGY4OC0zNDM2M2JjN2M0YzAiOnsiY3JlYXRlIjo2MDAwMDAwMDAwMDAsImRlbGV0ZSI6MTIwMDAwMDAwMDAwMH0sInNjaGVtYV92ZXJzaW9uIjoiMSJ9",
          "depends_on": [
            "aws_vpc.cluster_vpc"
          ]
        }
      ]
    },
    {
      "module": "module.network",
      "mode": "managed",
      "type": "aws_subnet",
      "name": "public_subnet_1a",
      "provider": "provider.aws",
      "instances": [
        {
          "schema_version": 1,
          "attributes": {
            "arn": "arn:aws:ec2:us-east-1:112542087706:subnet/subnet-085b01c812d3ce281",
            "assign_ipv6_address_on_creation": false,
            "availability_zone": "us-east-1a",
            "availability_zone_id": "use1-az6",
            "cidr_block": "10.0.0.0/20",
            "id": "subnet-085b01c812d3ce281",
            "ipv6_cidr_block": "",
            "ipv6_cidr_block_association_id": "",
            "map_public_ip_on_launch": true,
            "outpost_arn": "",
            "owner_id": "112542087706",
            "tags": {
              "Name": "klab-public-1a"
            },
            "timeouts": null,
            "vpc_id": "vpc-0aeedd3a9ef98b6f0"
          },
          "private": "eyJlMmJmYjczMC1lY2FhLTExZTYtOGY4OC0zNDM2M2JjN2M0YzAiOnsiY3JlYXRlIjo2MDAwMDAwMDAwMDAsImRlbGV0ZSI6MTIwMDAwMDAwMDAwMH0sInNjaGVtYV92ZXJzaW9uIjoiMSJ9",
          "depends_on": [
            "aws_vpc.cluster_vpc"
          ]
        }
      ]
    },
    {
      "module": "module.network",
      "mode": "managed",
      "type": "aws_subnet",
      "name": "public_subnet_1c",
      "provider": "provider.aws",
      "instances": [
        {
          "schema_version": 1,
          "attributes": {
            "arn": "arn:aws:ec2:us-east-1:112542087706:subnet/subnet-0b916e11be608cda3",
            "assign_ipv6_address_on_creation": false,
            "availability_zone": "us-east-1c",
            "availability_zone_id": "use1-az2",
            "cidr_block": "10.0.16.0/20",
            "id": "subnet-0b916e11be608cda3",
            "ipv6_cidr_block": "",
            "ipv6_cidr_block_association_id": "",
            "map_public_ip_on_launch": true,
            "outpost_arn": "",
            "owner_id": "112542087706",
            "tags": {
              "Name": "klab-public-1c"
            },
            "timeouts": null,
            "vpc_id": "vpc-0aeedd3a9ef98b6f0"
          },
          "private": "eyJlMmJmYjczMC1lY2FhLTExZTYtOGY4OC0zNDM2M2JjN2M0YzAiOnsiY3JlYXRlIjo2MDAwMDAwMDAwMDAsImRlbGV0ZSI6MTIwMDAwMDAwMDAwMH0sInNjaGVtYV92ZXJzaW9uIjoiMSJ9",
          "depends_on": [
            "aws_vpc.cluster_vpc"
          ]
        }
      ]
    },
    {
      "module": "module.network",
      "mode": "managed",
      "type": "aws_vpc",
      "name": "cluster_vpc",
      "provider": "provider.aws",
      "instances": [
        {
          "schema_version": 1,
          "attributes": {
            "arn": "arn:aws:ec2:us-east-1:112542087706:vpc/vpc-0aeedd3a9ef98b6f0",
            "assign_generated_ipv6_cidr_block": false,
            "cidr_block": "10.0.0.0/16",
            "default_network_acl_id": "acl-01f884aa3281d024c",
            "default_route_table_id": "rtb-0974d9e8c7ae7c4f5",
            "default_security_group_id": "sg-0826dddd372e47567",
            "dhcp_options_id": "dopt-a4facbdc",
            "enable_classiclink": false,
            "enable_classiclink_dns_support": false,
            "enable_dns_hostnames": true,
            "enable_dns_support": true,
            "id": "vpc-0aeedd3a9ef98b6f0",
            "instance_tenancy": "default",
            "ipv6_association_id": "",
            "ipv6_cidr_block": "",
            "main_route_table_id": "rtb-0974d9e8c7ae7c4f5",
            "owner_id": "112542087706",
            "tags": {
              "Name": "klab-vpc"
            }
          },
          "private": "eyJzY2hlbWFfdmVyc2lvbiI6IjEifQ=="
        }
      ]
    }
  ]
}
